
Microsoft Visual Studio Solution File, Format Version 12.00
# Visual Studio Version 17
VisualStudioVersion = 17.0.32112.339
MinimumVisualStudioVersion = 10.0.40219.1
Project("{FAE04EC0-301F-11D3-BF4B-00C04F79EFBC}") = "HelmAksKubernetesProc", "HelmAksKubernetesProc\HelmAksKubernetesProc.csproj", "{D611FBC1-8EFE-45E3-977B-3F42BC95CAE2}"
EndProject
Global
	GlobalSection(SolutionConfigurationPlatforms) = preSolution
		Debug|Any CPU = Debug|Any CPU
		Release|Any CPU = Release|Any CPU
	EndGlobalSection
	GlobalSection(ProjectConfigurationPlatforms) = postSolution
		{D611FBC1-8EFE-45E3-977B-3F42BC95CAE2}.Debug|Any CPU.ActiveCfg = Debug|Any CPU
		{D611FBC1-8EFE-45E3-977B-3F42BC95CAE2}.Debug|Any CPU.Build.0 = Debug|Any CPU
		{D611FBC1-8EFE-45E3-977B-3F42BC95CAE2}.Release|Any CPU.ActiveCfg = Release|Any CPU
		{D611FBC1-8EFE-45E3-977B-3F42BC95CAE2}.Release|Any CPU.Build.0 = Release|Any CPU
	EndGlobalSection
	GlobalSection(SolutionProperties) = preSolution
		HideSolutionNode = FALSE
	EndGlobalSection
	GlobalSection(ExtensibilityGlobals) = postSolution
		SolutionGuid = {FD4B175B-3D86-480F-8C90-18F0D6F5A043}
	EndGlobalSection
EndGlobal
